// !$*UTF8*$!
{
	archiveVersion = 1;
	classes = {
	};
	objectVersion = 50;
	objects = {

/* Begin PBXBuildFile section */
		6A6857FD24320C6900EA4F24 /* AppDelegate.swift in Sources */ = {isa = PBXBuildFile; fileRef = 6A6857FC24320C6900EA4F24 /* AppDelegate.swift */; };
		6A6857FF24320C6900EA4F24 /* SceneDelegate.swift in Sources */ = {isa = PBXBuildFile; fileRef = 6A6857FE24320C6900EA4F24 /* SceneDelegate.swift */; };
		6A68580124320C6900EA4F24 /* ViewController.swift in Sources */ = {isa = PBXBuildFile; fileRef = 6A68580024320C6900EA4F24 /* ViewController.swift */; };
		6A68580424320C6900EA4F24 /* Main.storyboard in Resources */ = {isa = PBXBuildFile; fileRef = 6A68580224320C6900EA4F24 /* Main.storyboard */; };
		6A68580624320C6A00EA4F24 /* Assets.xcassets in Resources */ = {isa = PBXBuildFile; fileRef = 6A68580524320C6A00EA4F24 /* Assets.xcassets */; };
		6A68580924320C6A00EA4F24 /* LaunchScreen.storyboard in Resources */ = {isa = PBXBuildFile; fileRef = 6A68580724320C6A00EA4F24 /* LaunchScreen.storyboard */; };
		6A68581424320C6A00EA4F24 /* dustProjectTests.swift in Sources */ = {isa = PBXBuildFile; fileRef = 6A68581324320C6A00EA4F24 /* dustProjectTests.swift */; };
		6ACE83DC2432547F00EEBF85 /* BackgroundView.swift in Sources */ = {isa = PBXBuildFile; fileRef = 6ACE83DB2432547F00EEBF85 /* BackgroundView.swift */; };
		6ACE83DD2432547F00EEBF85 /* BackgroundView.swift in Sources */ = {isa = PBXBuildFile; fileRef = 6ACE83DB2432547F00EEBF85 /* BackgroundView.swift */; };
/* End PBXBuildFile section */

/* Begin PBXContainerItemProxy section */
		6A68581024320C6A00EA4F24 /* PBXContainerItemProxy */ = {
			isa = PBXContainerItemProxy;
			containerPortal = 6A6857F124320C6900EA4F24 /* Project object */;
			proxyType = 1;
			remoteGlobalIDString = 6A6857F824320C6900EA4F24;
			remoteInfo = dustProject;
		};
/* End PBXContainerItemProxy section */

/* Begin PBXFileReference section */
		6A6857F924320C6900EA4F24 /* dustProject.app */ = {isa = PBXFileReference; explicitFileType = wrapper.application; includeInIndex = 0; path = dustProject.app; sourceTree = BUILT_PRODUCTS_DIR; };
		6A6857FC24320C6900EA4F24 /* AppDelegate.swift */ = {isa = PBXFileReference; lastKnownFileType = sourcecode.swift; path = AppDelegate.swift; sourceTree = "<group>"; };
		6A6857FE24320C6900EA4F24 /* SceneDelegate.swift */ = {isa = PBXFileReference; lastKnownFileType = sourcecode.swift; path = SceneDelegate.swift; sourceTree = "<group>"; };
		6A68580024320C6900EA4F24 /* ViewController.swift */ = {isa = PBXFileReference; lastKnownFileType = sourcecode.swift; path = ViewController.swift; sourceTree = "<group>"; };
		6A68580324320C6900EA4F24 /* Base */ = {isa = PBXFileReference; lastKnownFileType = file.storyboard; name = Base; path = Base.lproj/Main.storyboard; sourceTree = "<group>"; };
		6A68580524320C6A00EA4F24 /* Assets.xcassets */ = {isa = PBXFileReference; lastKnownFileType = folder.assetcatalog; path = Assets.xcassets; sourceTree = "<group>"; };
		6A68580824320C6A00EA4F24 /* Base */ = {isa = PBXFileReference; lastKnownFileType = file.storyboard; name = Base; path = Base.lproj/LaunchScreen.storyboard; sourceTree = "<group>"; };
		6A68580A24320C6A00EA4F24 /* Info.plist */ = {isa = PBXFileReference; lastKnownFileType = text.plist.xml; path = Info.plist; sourceTree = "<group>"; };
		6A68580F24320C6A00EA4F24 /* dustProjectTests.xctest */ = {isa = PBXFileReference; explicitFileType = wrapper.cfbundle; includeInIndex = 0; path = dustProjectTests.xctest; sourceTree = BUILT_PRODUCTS_DIR; };
		6A68581324320C6A00EA4F24 /* dustProjectTests.swift */ = {isa = PBXFileReference; lastKnownFileType = sourcecode.swift; path = dustProjectTests.swift; sourceTree = "<group>"; };
		6A68581524320C6A00EA4F24 /* Info.plist */ = {isa = PBXFileReference; lastKnownFileType = text.plist.xml; path = Info.plist; sourceTree = "<group>"; };
		6ACE83DB2432547F00EEBF85 /* BackgroundView.swift */ = {isa = PBXFileReference; lastKnownFileType = sourcecode.swift; name = BackgroundView.swift; path = DustProject/View/BackgroundView.swift; sourceTree = SOURCE_ROOT; };
/* End PBXFileReference section */

/* Begin PBXFrameworksBuildPhase section */
		6A6857F624320C6900EA4F24 /* Frameworks */ = {
			isa = PBXFrameworksBuildPhase;
			buildActionMask = 2147483647;
			files = (
			);
			runOnlyForDeploymentPostprocessing = 0;
		};
		6A68580C24320C6A00EA4F24 /* Frameworks */ = {
			isa = PBXFrameworksBuildPhase;
			buildActionMask = 2147483647;
			files = (
			);
			runOnlyForDeploymentPostprocessing = 0;
		};
/* End PBXFrameworksBuildPhase section */

/* Begin PBXGroup section */
		6A06A27E24322E3D002B6EB8 /* View */ = {
			isa = PBXGroup;
			children = (
				6ACE83DB2432547F00EEBF85 /* BackgroundView.swift */,
			);
			path = View;
			sourceTree = "<group>";
		};
		6A06A27F24322E47002B6EB8 /* Controller */ = {
			isa = PBXGroup;
			children = (
			);
			path = Controller;
			sourceTree = "<group>";
		};
		6A06A28024322E4F002B6EB8 /* Model */ = {
			isa = PBXGroup;
			children = (
			);
			path = Model;
			sourceTree = "<group>";
		};
		6A6857F024320C6900EA4F24 = {
			isa = PBXGroup;
			children = (
				6A6857FB24320C6900EA4F24 /* dustProject */,
				6A68581224320C6A00EA4F24 /* dustProjectTests */,
				6A6857FA24320C6900EA4F24 /* Products */,
			);
			sourceTree = "<group>";
		};
		6A6857FA24320C6900EA4F24 /* Products */ = {
			isa = PBXGroup;
			children = (
				6A6857F924320C6900EA4F24 /* dustProject.app */,
				6A68580F24320C6A00EA4F24 /* dustProjectTests.xctest */,
			);
			name = Products;
			sourceTree = "<group>";
		};
		6A6857FB24320C6900EA4F24 /* dustProject */ = {
			isa = PBXGroup;
			children = (
				6A06A28024322E4F002B6EB8 /* Model */,
				6A06A27F24322E47002B6EB8 /* Controller */,
				6A06A27E24322E3D002B6EB8 /* View */,
				6A6857FC24320C6900EA4F24 /* AppDelegate.swift */,
				6A6857FE24320C6900EA4F24 /* SceneDelegate.swift */,
				6A68580024320C6900EA4F24 /* ViewController.swift */,
				6A68580224320C6900EA4F24 /* Main.storyboard */,
				6A68580524320C6A00EA4F24 /* Assets.xcassets */,
				6A68580724320C6A00EA4F24 /* LaunchScreen.storyboard */,
				6A68580A24320C6A00EA4F24 /* Info.plist */,
			);
			path = dustProject;
			sourceTree = "<group>";
		};
		6A68581224320C6A00EA4F24 /* dustProjectTests */ = {
			isa = PBXGroup;
			children = (
				6A68581324320C6A00EA4F24 /* dustProjectTests.swift */,
				6A68581524320C6A00EA4F24 /* Info.plist */,
			);
			path = dustProjectTests;
			sourceTree = "<group>";
		};
/* End PBXGroup section */

/* Begin PBXNativeTarget section */
		6A6857F824320C6900EA4F24 /* dustProject */ = {
			isa = PBXNativeTarget;
			buildConfigurationList = 6A68581824320C6A00EA4F24 /* Build configuration list for PBXNativeTarget "dustProject" */;
			buildPhases = (
				6A6857F524320C6900EA4F24 /* Sources */,
				6A6857F624320C6900EA4F24 /* Frameworks */,
				6A6857F724320C6900EA4F24 /* Resources */,
			);
			buildRules = (
			);
			dependencies = (
			);
			name = dustProject;
			productName = dustProject;
			productReference = 6A6857F924320C6900EA4F24 /* dustProject.app */;
			productType = "com.apple.product-type.application";
		};
		6A68580E24320C6A00EA4F24 /* dustProjectTests */ = {
			isa = PBXNativeTarget;
			buildConfigurationList = 6A68581B24320C6A00EA4F24 /* Build configuration list for PBXNativeTarget "dustProjectTests" */;
			buildPhases = (
				6A68580B24320C6A00EA4F24 /* Sources */,
				6A68580C24320C6A00EA4F24 /* Frameworks */,
				6A68580D24320C6A00EA4F24 /* Resources */,
			);
			buildRules = (
			);
			dependencies = (
				6A68581124320C6A00EA4F24 /* PBXTargetDependency */,
			);
			name = dustProjectTests;
			productName = dustProjectTests;
			productReference = 6A68580F24320C6A00EA4F24 /* dustProjectTests.xctest */;
			productType = "com.apple.product-type.bundle.unit-test";
		};
/* End PBXNativeTarget section */

/* Begin PBXProject section */
		6A6857F124320C6900EA4F24 /* Project object */ = {
			isa = PBXProject;
			attributes = {
				LastSwiftUpdateCheck = 1130;
				LastUpgradeCheck = 1130;
				ORGANIZATIONNAME = "dev-Lena";
				TargetAttributes = {
					6A6857F824320C6900EA4F24 = {
						CreatedOnToolsVersion = 11.3.1;
					};
					6A68580E24320C6A00EA4F24 = {
						CreatedOnToolsVersion = 11.3.1;
						TestTargetID = 6A6857F824320C6900EA4F24;
					};
				};
			};
			buildConfigurationList = 6A6857F424320C6900EA4F24 /* Build configuration list for PBXProject "DustProject" */;
			compatibilityVersion = "Xcode 9.3";
			developmentRegion = en;
			hasScannedForEncodings = 0;
			knownRegions = (
				en,
				Base,
			);
			mainGroup = 6A6857F024320C6900EA4F24;
			productRefGroup = 6A6857FA24320C6900EA4F24 /* Products */;
			projectDirPath = "";
			projectRoot = "";
			targets = (
				6A6857F824320C6900EA4F24 /* dustProject */,
				6A68580E24320C6A00EA4F24 /* dustProjectTests */,
			);
		};
/* End PBXProject section */

/* Begin PBXResourcesBuildPhase section */
		6A6857F724320C6900EA4F24 /* Resources */ = {
			isa = PBXResourcesBuildPhase;
			buildActionMask = 2147483647;
			files = (
				6A68580924320C6A00EA4F24 /* LaunchScreen.storyboard in Resources */,
				6A68580624320C6A00EA4F24 /* Assets.xcassets in Resources */,
				6A68580424320C6900EA4F24 /* Main.storyboard in Resources */,
			);
			runOnlyForDeploymentPostprocessing = 0;
		};
		6A68580D24320C6A00EA4F24 /* Resources */ = {
			isa = PBXResourcesBuildPhase;
			buildActionMask = 2147483647;
			files = (
			);
			runOnlyForDeploymentPostprocessing = 0;
		};
/* End PBXResourcesBuildPhase section */

/* Begin PBXSourcesBuildPhase section */
		6A6857F524320C6900EA4F24 /* Sources */ = {
			isa = PBXSourcesBuildPhase;
			buildActionMask = 2147483647;
			files = (
				6A68580124320C6900EA4F24 /* ViewController.swift in Sources */,
				6A6857FD24320C6900EA4F24 /* AppDelegate.swift in Sources */,
				6ACE83DC2432547F00EEBF85 /* BackgroundView.swift in Sources */,
				6A6857FF24320C6900EA4F24 /* SceneDelegate.swift in Sources */,
			);
			runOnlyForDeploymentPostprocessing = 0;
		};
		6A68580B24320C6A00EA4F24 /* Sources */ = {
			isa = PBXSourcesBuildPhase;
			buildActionMask = 2147483647;
			files = (
				6ACE83DD2432547F00EEBF85 /* BackgroundView.swift in Sources */,
				6A68581424320C6A00EA4F24 /* dustProjectTests.swift in Sources */,
			);
			runOnlyForDeploymentPostprocessing = 0;
		};
/* End PBXSourcesBuildPhase section */

/* Begin PBXTargetDependency section */
		6A68581124320C6A00EA4F24 /* PBXTargetDependency */ = {
			isa = PBXTargetDependency;
			target = 6A6857F824320C6900EA4F24 /* dustProject */;
			targetProxy = 6A68581024320C6A00EA4F24 /* PBXContainerItemProxy */;
		};
/* End PBXTargetDependency section */

/* Begin PBXVariantGroup section */
		6A68580224320C6900EA4F24 /* Main.storyboard */ = {
			isa = PBXVariantGroup;
			children = (
				6A68580324320C6900EA4F24 /* Base */,
			);
			name = Main.storyboard;
			sourceTree = "<group>";
		};
		6A68580724320C6A00EA4F24 /* LaunchScreen.storyboard */ = {
			isa = PBXVariantGroup;
			children = (
				6A68580824320C6A00EA4F24 /* Base */,
			);
			name = LaunchScreen.storyboard;
			sourceTree = "<group>";
		};
/* End PBXVariantGroup section */

/* Begin XCBuildConfiguration section */
		6A68581624320C6A00EA4F24 /* Debug */ = {
			isa = XCBuildConfiguration;
			buildSettings = {
				ALWAYS_SEARCH_USER_PATHS = NO;
				CLANG_ANALYZER_NONNULL = YES;
				CLANG_ANALYZER_NUMBER_OBJECT_CONVERSION = YES_AGGRESSIVE;
				CLANG_CXX_LANGUAGE_STANDARD = "gnu++14";
				CLANG_CXX_LIBRARY = "libc++";
				CLANG_ENABLE_MODULES = YES;
				CLANG_ENABLE_OBJC_ARC = YES;
				CLANG_ENABLE_OBJC_WEAK = YES;
				CLANG_WARN_BLOCK_CAPTURE_AUTORELEASING = YES;
				CLANG_WARN_BOOL_CONVERSION = YES;
				CLANG_WARN_COMMA = YES;
				CLANG_WARN_CONSTANT_CONVERSION = YES;
				CLANG_WARN_DEPRECATED_OBJC_IMPLEMENTATIONS = YES;
				CLANG_WARN_DIRECT_OBJC_ISA_USAGE = YES_ERROR;
				CLANG_WARN_DOCUMENTATION_COMMENTS = YES;
				CLANG_WARN_EMPTY_BODY = YES;
				CLANG_WARN_ENUM_CONVERSION = YES;
				CLANG_WARN_INFINITE_RECURSION = YES;
				CLANG_WARN_INT_CONVERSION = YES;
				CLANG_WARN_NON_LITERAL_NULL_CONVERSION = YES;
				CLANG_WARN_OBJC_IMPLICIT_RETAIN_SELF = YES;
				CLANG_WARN_OBJC_LITERAL_CONVERSION = YES;
				CLANG_WARN_OBJC_ROOT_CLASS = YES_ERROR;
				CLANG_WARN_RANGE_LOOP_ANALYSIS = YES;
				CLANG_WARN_STRICT_PROTOTYPES = YES;
				CLANG_WARN_SUSPICIOUS_MOVE = YES;
				CLANG_WARN_UNGUARDED_AVAILABILITY = YES_AGGRESSIVE;
				CLANG_WARN_UNREACHABLE_CODE = YES;
				CLANG_WARN__DUPLICATE_METHOD_MATCH = YES;
				COPY_PHASE_STRIP = NO;
				DEBUG_INFORMATION_FORMAT = dwarf;
				ENABLE_STRICT_OBJC_MSGSEND = YES;
				ENABLE_TESTABILITY = YES;
				GCC_C_LANGUAGE_STANDARD = gnu11;
				GCC_DYNAMIC_NO_PIC = NO;
				GCC_NO_COMMON_BLOCKS = YES;
				GCC_OPTIMIZATION_LEVEL = 0;
				GCC_PREPROCESSOR_DEFINITIONS = (
					"DEBUG=1",
					"$(inherited)",
				);
				GCC_WARN_64_TO_32_BIT_CONVERSION = YES;
				GCC_WARN_ABOUT_RETURN_TYPE = YES_ERROR;
				GCC_WARN_UNDECLARED_SELECTOR = YES;
				GCC_WARN_UNINITIALIZED_AUTOS = YES_AGGRESSIVE;
				GCC_WARN_UNUSED_FUNCTION = YES;
				GCC_WARN_UNUSED_VARIABLE = YES;
				IPHONEOS_DEPLOYMENT_TARGET = 13.2;
				MTL_ENABLE_DEBUG_INFO = INCLUDE_SOURCE;
				MTL_FAST_MATH = YES;
				ONLY_ACTIVE_ARCH = YES;
				SDKROOT = iphoneos;
				SWIFT_ACTIVE_COMPILATION_CONDITIONS = DEBUG;
				SWIFT_OPTIMIZATION_LEVEL = "-Onone";
			};
			name = Debug;
		};
		6A68581724320C6A00EA4F24 /* Release */ = {
			isa = XCBuildConfiguration;
			buildSettings = {
				ALWAYS_SEARCH_USER_PATHS = NO;
				CLANG_ANALYZER_NONNULL = YES;
				CLANG_ANALYZER_NUMBER_OBJECT_CONVERSION = YES_AGGRESSIVE;
				CLANG_CXX_LANGUAGE_STANDARD = "gnu++14";
				CLANG_CXX_LIBRARY = "libc++";
				CLANG_ENABLE_MODULES = YES;
				CLANG_ENABLE_OBJC_ARC = YES;
				CLANG_ENABLE_OBJC_WEAK = YES;
				CLANG_WARN_BLOCK_CAPTURE_AUTORELEASING = YES;
				CLANG_WARN_BOOL_CONVERSION = YES;
				CLANG_WARN_COMMA = YES;
				CLANG_WARN_CONSTANT_CONVERSION = YES;
				CLANG_WARN_DEPRECATED_OBJC_IMPLEMENTATIONS = YES;
				CLANG_WARN_DIRECT_OBJC_ISA_USAGE = YES_ERROR;
				CLANG_WARN_DOCUMENTATION_COMMENTS = YES;
				CLANG_WARN_EMPTY_BODY = YES;
				CLANG_WARN_ENUM_CONVERSION = YES;
				CLANG_WARN_INFINITE_RECURSION = YES;
				CLANG_WARN_INT_CONVERSION = YES;
				CLANG_WARN_NON_LITERAL_NULL_CONVERSION = YES;
				CLANG_WARN_OBJC_IMPLICIT_RETAIN_SELF = YES;
				CLANG_WARN_OBJC_LITERAL_CONVERSION = YES;
				CLANG_WARN_OBJC_ROOT_CLASS = YES_ERROR;
				CLANG_WARN_RANGE_LOOP_ANALYSIS = YES;
				CLANG_WARN_STRICT_PROTOTYPES = YES;
				CLANG_WARN_SUSPICIOUS_MOVE = YES;
				CLANG_WARN_UNGUARDED_AVAILABILITY = YES_AGGRESSIVE;
				CLANG_WARN_UNREACHABLE_CODE = YES;
				CLANG_WARN__DUPLICATE_METHOD_MATCH = YES;
				COPY_PHASE_STRIP = NO;
				DEBUG_INFORMATION_FORMAT = "dwarf-with-dsym";
				ENABLE_NS_ASSERTIONS = NO;
				ENABLE_STRICT_OBJC_MSGSEND = YES;
				GCC_C_LANGUAGE_STANDARD = gnu11;
				GCC_NO_COMMON_BLOCKS = YES;
				GCC_WARN_64_TO_32_BIT_CONVERSION = YES;
				GCC_WARN_ABOUT_RETURN_TYPE = YES_ERROR;
				GCC_WARN_UNDECLARED_SELECTOR = YES;
				GCC_WARN_UNINITIALIZED_AUTOS = YES_AGGRESSIVE;
				GCC_WARN_UNUSED_FUNCTION = YES;
				GCC_WARN_UNUSED_VARIABLE = YES;
				IPHONEOS_DEPLOYMENT_TARGET = 13.2;
				MTL_ENABLE_DEBUG_INFO = NO;
				MTL_FAST_MATH = YES;
				SDKROOT = iphoneos;
				SWIFT_COMPILATION_MODE = wholemodule;
				SWIFT_OPTIMIZATION_LEVEL = "-O";
				VALIDATE_PRODUCT = YES;
			};
			name = Release;
		};
		6A68581924320C6A00EA4F24 /* Debug */ = {
			isa = XCBuildConfiguration;
			buildSettings = {
				ASSETCATALOG_COMPILER_APPICON_NAME = AppIcon;
				CODE_SIGN_STYLE = Automatic;
				DEVELOPMENT_TEAM = 93A6S4WHC4;
				INFOPLIST_FILE = dustProject/Info.plist;
				LD_RUNPATH_SEARCH_PATHS = (
					"$(inherited)",
					"@executable_path/Frameworks",
				);
				PRODUCT_BUNDLE_IDENTIFIER = "-.dustProject";
				PRODUCT_NAME = "$(TARGET_NAME)";
				SWIFT_VERSION = 5.0;
				TARGETED_DEVICE_FAMILY = "1,2";
			};
			name = Debug;
		};
		6A68581A24320C6A00EA4F24 /* Release */ = {
			isa = XCBuildConfiguration;
			buildSettings = {
				ASSETCATALOG_COMPILER_APPICON_NAME = AppIcon;
				CODE_SIGN_STYLE = Automatic;
				DEVELOPMENT_TEAM = 93A6S4WHC4;
				INFOPLIST_FILE = dustProject/Info.plist;
				LD_RUNPATH_SEARCH_PATHS = (
					"$(inherited)",
					"@executable_path/Frameworks",
				);
				PRODUCT_BUNDLE_IDENTIFIER = "-.dustProject";
				PRODUCT_NAME = "$(TARGET_NAME)";
				SWIFT_VERSION = 5.0;
				TARGETED_DEVICE_FAMILY = "1,2";
			};
			name = Release;
		};
		6A68581C24320C6A00EA4F24 /* Debug */ = {
			isa = XCBuildConfiguration;
			buildSettings = {
				ALWAYS_EMBED_SWIFT_STANDARD_LIBRARIES = YES;
				BUNDLE_LOADER = "$(TEST_HOST)";
				CODE_SIGN_STYLE = Automatic;
				DEVELOPMENT_TEAM = 93A6S4WHC4;
				INFOPLIST_FILE = dustProjectTests/Info.plist;
				IPHONEOS_DEPLOYMENT_TARGET = 13.2;
				LD_RUNPATH_SEARCH_PATHS = (
					"$(inherited)",
					"@executable_path/Frameworks",
					"@loader_path/Frameworks",
				);
				PRODUCT_BUNDLE_IDENTIFIER = "-.dustProjectTests";
				PRODUCT_NAME = "$(TARGET_NAME)";
				SWIFT_VERSION = 5.0;
				TARGETED_DEVICE_FAMILY = "1,2";
				TEST_HOST = "$(BUILT_PRODUCTS_DIR)/dustProject.app/dustProject";
			};
			name = Debug;
		};
		6A68581D24320C6A00EA4F24 /* Release */ = {
			isa = XCBuildConfiguration;
			buildSettings = {
				ALWAYS_EMBED_SWIFT_STANDARD_LIBRARIES = YES;
				BUNDLE_LOADER = "$(TEST_HOST)";
				CODE_SIGN_STYLE = Automatic;
				DEVELOPMENT_TEAM = 93A6S4WHC4;
				INFOPLIST_FILE = dustProjectTests/Info.plist;
				IPHONEOS_DEPLOYMENT_TARGET = 13.2;
				LD_RUNPATH_SEARCH_PATHS = (
					"$(inherited)",
					"@executable_path/Frameworks",
					"@loader_path/Frameworks",
				);
				PRODUCT_BUNDLE_IDENTIFIER = "-.dustProjectTests";
				PRODUCT_NAME = "$(TARGET_NAME)";
				SWIFT_VERSION = 5.0;
				TARGETED_DEVICE_FAMILY = "1,2";
				TEST_HOST = "$(BUILT_PRODUCTS_DIR)/dustProject.app/dustProject";
			};
			name = Release;
		};
/* End XCBuildConfiguration section */

/* Begin XCConfigurationList section */
		6A6857F424320C6900EA4F24 /* Build configuration list for PBXProject "DustProject" */ = {
			isa = XCConfigurationList;
			buildConfigurations = (
				6A68581624320C6A00EA4F24 /* Debug */,
				6A68581724320C6A00EA4F24 /* Release */,
			);
			defaultConfigurationIsVisible = 0;
			defaultConfigurationName = Release;
		};
		6A68581824320C6A00EA4F24 /* Build configuration list for PBXNativeTarget "dustProject" */ = {
			isa = XCConfigurationList;
			buildConfigurations = (
				6A68581924320C6A00EA4F24 /* Debug */,
				6A68581A24320C6A00EA4F24 /* Release */,
			);
			defaultConfigurationIsVisible = 0;
			defaultConfigurationName = Release;
		};
		6A68581B24320C6A00EA4F24 /* Build configuration list for PBXNativeTarget "dustProjectTests" */ = {
			isa = XCConfigurationList;
			buildConfigurations = (
				6A68581C24320C6A00EA4F24 /* Debug */,
				6A68581D24320C6A00EA4F24 /* Release */,
			);
			defaultConfigurationIsVisible = 0;
			defaultConfigurationName = Release;
		};
/* End XCConfigurationList section */
	};
	rootObject = 6A6857F124320C6900EA4F24 /* Project object */;
}
